
Microsoft Visual Studio Solution File, Format Version 12.00
# Visual Studio Version 17
VisualStudioVersion = 17.9.34902.65
MinimumVisualStudioVersion = 10.0.40219.1
Project("{9A19103F-16F7-4668-BE54-9A1E7A4F7556}") = "Peeping Tom", "Peeping Tom\Peeping Tom.csproj", "{888F98DF-AF1D-4852-8411-11B1FEEFE674}"
EndProject
Project("{2150E333-8FDC-42A3-9474-1A3956D46DE8}") = "Solution Items", "Solution Items", "{9B879446-A687-4B9D-8628-807CCB8C51AE}"
EndProject
Project("{9A19103F-16F7-4668-BE54-9A1E7A4F7556}") = "Peeping Tom.Ipc", "Peeping Tom.Ipc\Peeping Tom.Ipc.csproj", "{F454FB15-2C11-44F3-A651-E5F912F0FE11}"
EndProject
Global
	GlobalSection(SolutionConfigurationPlatforms) = preSolution
		Debug|x64 = Debug|x64
		Release|x64 = Release|x64
	EndGlobalSection
	GlobalSection(ProjectConfigurationPlatforms) = postSolution
		{888F98DF-AF1D-4852-8411-11B1FEEFE674}.Debug|x64.ActiveCfg = Debug|x64
		{888F98DF-AF1D-4852-8411-11B1FEEFE674}.Debug|x64.Build.0 = Debug|x64
		{888F98DF-AF1D-4852-8411-11B1FEEFE674}.Release|x64.ActiveCfg = Release|x64
		{888F98DF-AF1D-4852-8411-11B1FEEFE674}.Release|x64.Build.0 = Release|x64
		{F454FB15-2C11-44F3-A651-E5F912F0FE11}.Debug|x64.ActiveCfg = Debug|x64
		{F454FB15-2C11-44F3-A651-E5F912F0FE11}.Debug|x64.Build.0 = Debug|x64
		{F454FB15-2C11-44F3-A651-E5F912F0FE11}.Release|x64.ActiveCfg = Release|x64
		{F454FB15-2C11-44F3-A651-E5F912F0FE11}.Release|x64.Build.0 = Release|x64
	EndGlobalSection
	GlobalSection(SolutionProperties) = preSolution
		HideSolutionNode = FALSE
	EndGlobalSection
	GlobalSection(ExtensibilityGlobals) = postSolution
		SolutionGuid = {B2CFA10E-4CFB-4327-A884-7803D18A4531}
	EndGlobalSection
EndGlobal
